{
  "name": "lab2",
  "lockfileVersion": 3,
  "requires": true,
  "packages": {
    "": {
      "dependencies": {
        "vietnam-provinces": "^0.0.4"
      }
    },
    "node_modules/fsevents": {
      "version": "2.3.3",
      "resolved": "https://registry.npmjs.org/fsevents/-/fsevents-2.3.3.tgz",
      "integrity": "sha512-5xoDfX+fL7faATnagmWPpbFtwh/R77WmMMqqHGS65C3vvB0YHrgF+B1YmZ3441tMj5n63k0212XNoJwzlhffQw==",
      "hasInstallScript": true,
      "optional": true,
      "os": [
        "darwin"
      ],
      "engines": {
        "node": "^8.16.0 || ^10.6.0 || >=11.0.0"
      }
    },
    "node_modules/vietnam-provinces": {
      "version": "0.0.4",
      "resolved": "https://registry.npmjs.org/vietnam-provinces/-/vietnam-provinces-0.0.4.tgz",
      "integrity": "sha512-d97WdfZWaPUD89QTRurT3goHmbNLBCw47ttJ6f4zKQwqQjN5G13/3ykYAeCE3YyUmXN+8vbAwOxBEuks9SpZYw==",
      "optionalDependencies": {
        "fsevents": "*"
      }
    }
  }
}
